
Microsoft Visual Studio Solution File, Format Version 12.00
# Visual Studio Version 16
VisualStudioVersion = 16.0.30804.86
MinimumVisualStudioVersion = 10.0.40219.1
Project("{9A19103F-16F7-4668-BE54-9A1E7A4F7556}") = "MISA.AppliactionCore", "MISA.AppliactionCore\MISA.AppliactionCore.csproj", "{0910C89C-BC92-4996-873E-E027C6170F46}"
EndProject
Project("{9A19103F-16F7-4668-BE54-9A1E7A4F7556}") = "MISA.Infrastructure", "MISA.Infrastructure\MISA.Infrastructure.csproj", "{86E3A8E8-BE66-477A-951E-BD5068DD37B5}"
EndProject
Project("{9A19103F-16F7-4668-BE54-9A1E7A4F7556}") = "MISA.CUKCUK.Web", "MISA.CUKCUK.Web\MISA.CUKCUK.Web.csproj", "{D7A80E5F-D912-4AF6-9689-66DA4C066A1E}"
EndProject
Global
	GlobalSection(SolutionConfigurationPlatforms) = preSolution
		Debug|Any CPU = Debug|Any CPU
		Release|Any CPU = Release|Any CPU
	EndGlobalSection
	GlobalSection(ProjectConfigurationPlatforms) = postSolution
		{0910C89C-BC92-4996-873E-E027C6170F46}.Debug|Any CPU.ActiveCfg = Debug|Any CPU
		{0910C89C-BC92-4996-873E-E027C6170F46}.Debug|Any CPU.Build.0 = Debug|Any CPU
		{0910C89C-BC92-4996-873E-E027C6170F46}.Release|Any CPU.ActiveCfg = Release|Any CPU
		{0910C89C-BC92-4996-873E-E027C6170F46}.Release|Any CPU.Build.0 = Release|Any CPU
		{86E3A8E8-BE66-477A-951E-BD5068DD37B5}.Debug|Any CPU.ActiveCfg = Debug|Any CPU
		{86E3A8E8-BE66-477A-951E-BD5068DD37B5}.Debug|Any CPU.Build.0 = Debug|Any CPU
		{86E3A8E8-BE66-477A-951E-BD5068DD37B5}.Release|Any CPU.ActiveCfg = Release|Any CPU
		{86E3A8E8-BE66-477A-951E-BD5068DD37B5}.Release|Any CPU.Build.0 = Release|Any CPU
		{D7A80E5F-D912-4AF6-9689-66DA4C066A1E}.Debug|Any CPU.ActiveCfg = Debug|Any CPU
		{D7A80E5F-D912-4AF6-9689-66DA4C066A1E}.Debug|Any CPU.Build.0 = Debug|Any CPU
		{D7A80E5F-D912-4AF6-9689-66DA4C066A1E}.Release|Any CPU.ActiveCfg = Release|Any CPU
		{D7A80E5F-D912-4AF6-9689-66DA4C066A1E}.Release|Any CPU.Build.0 = Release|Any CPU
	EndGlobalSection
	GlobalSection(SolutionProperties) = preSolution
		HideSolutionNode = FALSE
	EndGlobalSection
	GlobalSection(ExtensibilityGlobals) = postSolution
		SolutionGuid = {927EC561-3F73-4614-8D17-38D2BAD742A5}
	EndGlobalSection
EndGlobal
